{
  "name": "SAM",
  "lockfileVersion": 3,
  "requires": true,
  "packages": {
    "": {
      "dependencies": {
        "@syncfusion/ej2": "^21.2.4",
        "handsontable": "^12.3.3",
        "sweetalert2": "^11.7.3",
        "xlsx": "^0.18.5"
      }
    },
    "node_modules/@syncfusion/ej2": {
      "version": "21.2.4",
      "resolved": "https://registry.npmjs.org/@syncfusion/ej2/-/ej2-21.2.4.tgz",
      "integrity": "sha512-JGDdcDu3XyOIW2nXQpFHtYXNs5qYjN7mjGVi+XM2qsU4TyO4ijDDhTjzVHH537+8gg54RjryCC1Gdcevyj4RBw==",
      "dependencies": {
        "@syncfusion/ej2-barcode-generator": "~21.2.3",
        "@syncfusion/ej2-base": "~21.2.3",
        "@syncfusion/ej2-buttons": "~21.2.3",
        "@syncfusion/ej2-calendars": "~21.2.4",
        "@syncfusion/ej2-charts": "~21.2.4",
        "@syncfusion/ej2-circulargauge": "~21.2.3",
        "@syncfusion/ej2-compression": "~21.2.3",
        "@syncfusion/ej2-data": "~21.2.4",
        "@syncfusion/ej2-diagrams": "~21.2.4",
        "@syncfusion/ej2-documenteditor": "~21.2.4",
        "@syncfusion/ej2-drawings": "~21.2.3",
        "@syncfusion/ej2-dropdowns": "~21.2.4",
        "@syncfusion/ej2-excel-export": "~21.2.4",
        "@syncfusion/ej2-file-utils": "~21.2.3",
        "@syncfusion/ej2-filemanager": "~21.2.3",
        "@syncfusion/ej2-gantt": "~21.2.4",
        "@syncfusion/ej2-grids": "~21.2.4",
        "@syncfusion/ej2-heatmap": "~21.2.4",
        "@syncfusion/ej2-icons": "~21.2.3",
        "@syncfusion/ej2-image-editor": "~21.2.3",
        "@syncfusion/ej2-inplace-editor": "~21.2.3",
        "@syncfusion/ej2-inputs": "~21.2.4",
        "@syncfusion/ej2-kanban": "~21.2.3",
        "@syncfusion/ej2-layouts": "~21.2.3",
        "@syncfusion/ej2-lineargauge": "~21.2.3",
        "@syncfusion/ej2-lists": "~21.2.3",
        "@syncfusion/ej2-maps": "~21.2.4",
        "@syncfusion/ej2-navigations": "~21.2.4",
        "@syncfusion/ej2-notifications": "~21.2.3",
        "@syncfusion/ej2-office-chart": "~21.2.3",
        "@syncfusion/ej2-pdf-export": "~21.2.3",
        "@syncfusion/ej2-pdfviewer": "~21.2.4",
        "@syncfusion/ej2-pivotview": "~21.2.4",
        "@syncfusion/ej2-popups": "~21.2.4",
        "@syncfusion/ej2-progressbar": "~21.2.3",
        "@syncfusion/ej2-querybuilder": "~21.2.4",
        "@syncfusion/ej2-ribbon": "~21.2.3",
        "@syncfusion/ej2-richtexteditor": "~21.2.4",
        "@syncfusion/ej2-schedule": "~21.2.4",
        "@syncfusion/ej2-splitbuttons": "~21.2.3",
        "@syncfusion/ej2-spreadsheet": "~21.2.3",
        "@syncfusion/ej2-svg-base": "~21.2.3",
        "@syncfusion/ej2-treegrid": "~21.2.4",
        "@syncfusion/ej2-treemap": "~21.2.3",
        "@types/lodash": "4.14.159",
        "@types/node": "18.11.11",
        "sass": "1.51.0",
        "tslib": "^1.8.0",
        "typescript": "^3.8.2"
      }
    },
    "node_modules/@syncfusion/ej2-barcode-generator": {
      "version": "21.2.3",
      "resolved": "https://registry.npmjs.org/@syncfusion/ej2-barcode-generator/-/ej2-barcode-generator-21.2.3.tgz",
      "integrity": "sha512-54h34JkFpHNNaLZvH8ptEcXbjspGFnj16RDLWKo7lku3XeBlsoZjp2pkDD74Y3Rm69BD7dPw1L7QWLTYN27rEA==",
      "dependencies": {
        "@syncfusion/ej2-base": "~21.2.3",
        "@syncfusion/ej2-data": "~21.2.3"
      }
    },
    "node_modules/@syncfusion/ej2-base": {
      "version": "21.2.3",
      "resolved": "https://registry.npmjs.org/@syncfusion/ej2-base/-/ej2-base-21.2.3.tgz",
      "integrity": "sha512-dUMehTP62PWZZbZjbvFAr9li5bVqAcpy4mPyLNYbIkXujWHuJqxlcihuvZWZKPXZ1RynzK6YerWbBwjFKKz6vA==",
      "dependencies": {
        "@syncfusion/ej2-icons": "~21.2.3"
      },
      "bin": {
        "syncfusion-license": "bin/syncfusion-license.js"
      }
    },
    "node_modules/@syncfusion/ej2-buttons": {
      "version": "21.2.3",
      "resolved": "https://registry.npmjs.org/@syncfusion/ej2-buttons/-/ej2-buttons-21.2.3.tgz",
      "integrity": "sha512-j1HQkmfM7eBqXLFuHa0AJ/WsCosPKVpM0fr9dSPHp+wGGvdSMZf0HrYRAAYPFr+rgznowQirvgJDbryFtmR+Mw==",
      "dependencies": {
        "@syncfusion/ej2-base": "~21.2.3"
      }
    },
    "node_modules/@syncfusion/ej2-calendars": {
      "version": "21.2.4",
      "resolved": "https://registry.npmjs.org/@syncfusion/ej2-calendars/-/ej2-calendars-21.2.4.tgz",
      "integrity": "sha512-R5R8hIW+fl1+FFCgdpZfQqNzkbR5C7ktbE+BH9F4ZPYPvXbQD4V8MkIHq+qJzHFUrgD7C42TTEp/KaUx1abpkw==",
      "dependencies": {
        "@syncfusion/ej2-base": "~21.2.3",
        "@syncfusion/ej2-buttons": "~21.2.3",
        "@syncfusion/ej2-inputs": "~21.2.4",
        "@syncfusion/ej2-lists": "~21.2.3",
        "@syncfusion/ej2-popups": "~21.2.4"
      }
    },
    "node_modules/@syncfusion/ej2-charts": {
      "version": "21.2.4",
      "resolved": "https://registry.npmjs.org/@syncfusion/ej2-charts/-/ej2-charts-21.2.4.tgz",
      "integrity": "sha512-gBPnLIkbCz3QlNI+7SjlsjBbDVjG8+t2WDqfkl+DSh4qKxZt5sLwupYiF0y7VnY1qi6TZr+gXNgtVE/tS5cYKg==",
      "dependencies": {
        "@syncfusion/ej2-base": "~21.2.3",
        "@syncfusion/ej2-calendars": "~21.2.4",
        "@syncfusion/ej2-compression": "~21.2.3",
        "@syncfusion/ej2-data": "~21.2.4",
        "@syncfusion/ej2-file-utils": "~21.2.3",
        "@syncfusion/ej2-navigations": "~21.2.4",
        "@syncfusion/ej2-pdf-export": "~21.2.3",
        "@syncfusion/ej2-svg-base": "~21.2.3"
      }
    },
    "node_modules/@syncfusion/ej2-circulargauge": {
      "version": "21.2.3",
      "resolved": "https://registry.npmjs.org/@syncfusion/ej2-circulargauge/-/ej2-circulargauge-21.2.3.tgz",
      "integrity": "sha512-ZswLmTr4yk+Wh2qmxvfAoBDy3HPGRLon5wUfVnIWXGmvJ8Lxx39wcJSS9ZL2husluAz9YNcdT1kZZFVM2HeJ0w==",
      "dependencies": {
        "@syncfusion/ej2-base": "~21.2.3",
        "@syncfusion/ej2-pdf-export": "~21.2.3",
        "@syncfusion/ej2-svg-base": "~21.2.3"
      }
    },
    "node_modules/@syncfusion/ej2-compression": {
      "version": "21.2.3",
      "resolved": "https://registry.npmjs.org/@syncfusion/ej2-compression/-/ej2-compression-21.2.3.tgz",
      "integrity": "sha512-J2bqSwG8AoGB0fkEQcdMTPwMDwNU9CP3LqS3P7UptG1dzJfVSDBIMRXQMQGiWSomjXPuqvgFtAKXISp6noY+wA==",
      "dependencies": {
        "@syncfusion/ej2-file-utils": "~21.2.3"
      }
    },
    "node_modules/@syncfusion/ej2-data": {
      "version": "21.2.4",
      "resolved": "https://registry.npmjs.org/@syncfusion/ej2-data/-/ej2-data-21.2.4.tgz",
      "integrity": "sha512-ceTZwdTEWfYdeIO0+laqtT94yfoY4kF74MQCOz4EBEo7AoY+2CCmMRkcdGDwsUy4O660YmgaspnOZeQn5r63/g==",
      "dependencies": {
        "@syncfusion/ej2-base": "~21.2.3"
      }
    },
    "node_modules/@syncfusion/ej2-diagrams": {
      "version": "21.2.4",
      "resolved": "https://registry.npmjs.org/@syncfusion/ej2-diagrams/-/ej2-diagrams-21.2.4.tgz",
      "integrity": "sha512-7gdPkLoP/wqLY/oRV9V1GHvwsb5z/T2C+ABWmSJATAKTHSKO4mbQOOG9gyN0KVgPLeda/BFrdBEY7aT+qsEx+w==",
      "dependencies": {
        "@syncfusion/ej2-base": "~21.2.3",
        "@syncfusion/ej2-buttons": "~21.2.3",
        "@syncfusion/ej2-data": "~21.2.4",
        "@syncfusion/ej2-inputs": "~21.2.4",
        "@syncfusion/ej2-lists": "~21.2.3",
        "@syncfusion/ej2-navigations": "~21.2.4",
        "@syncfusion/ej2-popups": "~21.2.4"
      }
    },
    "node_modules/@syncfusion/ej2-documenteditor": {
      "version": "21.2.4",
      "resolved": "https://registry.npmjs.org/@syncfusion/ej2-documenteditor/-/ej2-documenteditor-21.2.4.tgz",
      "integrity": "sha512-h3Se179ecvwe+JcsI8v2rPm2XaYEis1scoznPsHBA8yY5LrqfL4P7+P6lKO/Q8xVDHFGtUwE99olboMMmDclyA==",
      "dependencies": {
        "@syncfusion/ej2-base": "~21.2.3",
        "@syncfusion/ej2-buttons": "~21.2.3",
        "@syncfusion/ej2-calendars": "~21.2.4",
        "@syncfusion/ej2-compression": "~21.2.3",
        "@syncfusion/ej2-dropdowns": "~21.2.4",
        "@syncfusion/ej2-file-utils": "~21.2.3",
        "@syncfusion/ej2-inputs": "~21.2.4",
        "@syncfusion/ej2-navigations": "~21.2.4",
        "@syncfusion/ej2-office-chart": "~21.2.3",
        "@syncfusion/ej2-popups": "~21.2.4",
        "@syncfusion/ej2-splitbuttons": "~21.2.3"
      }
    },
    "node_modules/@syncfusion/ej2-drawings": {
      "version": "21.2.3",
      "resolved": "https://registry.npmjs.org/@syncfusion/ej2-drawings/-/ej2-drawings-21.2.3.tgz",
      "integrity": "sha512-51/IF6guMmfg2xUkZG3Mg4+ArHb3iHGEIxt11VryoQ5VeeINx+cWzCqpTq8gxWnE2i4oh+GQriNU5g5U/NWZ6Q==",
      "dependencies": {
        "@syncfusion/ej2-base": "~21.2.3",
        "@syncfusion/ej2-data": "~21.2.3"
      }
    },
    "node_modules/@syncfusion/ej2-dropdowns": {
      "version": "21.2.4",
      "resolved": "https://registry.npmjs.org/@syncfusion/ej2-dropdowns/-/ej2-dropdowns-21.2.4.tgz",
      "integrity": "sha512-tyDxuy4oTl4EeVbcAxow7aaLIkOQo1Z2l0xXlezTzHipTIkPULEpeelA/z4t1GNEZuFsyploVUWskI+I9XOdmg==",
      "dependencies": {
        "@syncfusion/ej2-base": "~21.2.3",
        "@syncfusion/ej2-data": "~21.2.4",
        "@syncfusion/ej2-inputs": "~21.2.4",
        "@syncfusion/ej2-lists": "~21.2.3",
        "@syncfusion/ej2-navigations": "~21.2.4",
        "@syncfusion/ej2-popups": "~21.2.4"
      }
    },
    "node_modules/@syncfusion/ej2-excel-export": {
      "version": "21.2.4",
      "resolved": "https://registry.npmjs.org/@syncfusion/ej2-excel-export/-/ej2-excel-export-21.2.4.tgz",
      "integrity": "sha512-5pcjWZ7HxaktpPbdduwOhQR9YkbFtCsZ/dz2ohXdYfoj0I1llNgOPhStN7kAm74LnSZXV98ZvpGQUZyJqhYYOg==",
      "dependencies": {
        "@syncfusion/ej2-base": "~21.2.3",
        "@syncfusion/ej2-compression": "~21.2.3"
      }
    },
    "node_modules/@syncfusion/ej2-file-utils": {
      "version": "21.2.3",
      "resolved": "https://registry.npmjs.org/@syncfusion/ej2-file-utils/-/ej2-file-utils-21.2.3.tgz",
      "integrity": "sha512-fOvqTeRgKTkQSpHlSF6P1Twoa5DRrTq6Cs2lhnNyD26PofAh/58Zi88jJ+pdehtQb1JeAzxpvPJO2wiZ27VqjA=="
    },
    "node_modules/@syncfusion/ej2-filemanager": {
      "version": "21.2.3",
      "resolved": "https://registry.npmjs.org/@syncfusion/ej2-filemanager/-/ej2-filemanager-21.2.3.tgz",
      "integrity": "sha512-w6Dqa6kPgR4biq5+c/kbdAJCgmXLZnVdQNfDFgNt+M4YS576Z2oZ8imiH/bwO0jhmBWTzRACbWPa7ABvtKf5yw==",
      "dependencies": {
        "@syncfusion/ej2-base": "~21.2.3",
        "@syncfusion/ej2-buttons": "~21.2.3",
        "@syncfusion/ej2-data": "~21.2.3",
        "@syncfusion/ej2-grids": "~21.2.3",
        "@syncfusion/ej2-inputs": "~21.2.3",
        "@syncfusion/ej2-layouts": "~21.2.3",
        "@syncfusion/ej2-lists": "~21.2.3",
        "@syncfusion/ej2-navigations": "~21.2.3",
        "@syncfusion/ej2-popups": "~21.2.3",
        "@syncfusion/ej2-splitbuttons": "~21.2.3"
      }
    },
    "node_modules/@syncfusion/ej2-gantt": {
      "version": "21.2.4",
      "resolved": "https://registry.npmjs.org/@syncfusion/ej2-gantt/-/ej2-gantt-21.2.4.tgz",
      "integrity": "sha512-5HI/cppfZ9eNmOGVM2WIN0AHtwtbppzYAzXrBVlPwPRbT+TIEGiYxm8O532jEiwZTNhCDrqTjNAvqN9ntY27SA==",
      "dependencies": {
        "@syncfusion/ej2-base": "~21.2.3",
        "@syncfusion/ej2-buttons": "~21.2.3",
        "@syncfusion/ej2-calendars": "~21.2.4",
        "@syncfusion/ej2-data": "~21.2.4",
        "@syncfusion/ej2-dropdowns": "~21.2.4",
        "@syncfusion/ej2-grids": "~21.2.4",
        "@syncfusion/ej2-inputs": "~21.2.4",
        "@syncfusion/ej2-layouts": "~21.2.3",
        "@syncfusion/ej2-lists": "~21.2.3",
        "@syncfusion/ej2-navigations": "~21.2.4",
        "@syncfusion/ej2-notifications": "~21.2.3",
        "@syncfusion/ej2-popups": "~21.2.4",
        "@syncfusion/ej2-richtexteditor": "~21.2.4",
        "@syncfusion/ej2-treegrid": "~21.2.4"
      }
    },
    "node_modules/@syncfusion/ej2-grids": {
      "version": "21.2.4",
      "resolved": "https://registry.npmjs.org/@syncfusion/ej2-grids/-/ej2-grids-21.2.4.tgz",
      "integrity": "sha512-pVO8ghWaCOmVEBdJgGBd/zCusmR92DjHuX+I9qfRhdxMza1s1+hp6lPTUpq7b6RdUk3HAQeii1YewbxIXPwrRQ==",
      "dependencies": {
        "@syncfusion/ej2-base": "~21.2.3",
        "@syncfusion/ej2-buttons": "~21.2.3",
        "@syncfusion/ej2-calendars": "~21.2.4",
        "@syncfusion/ej2-compression": "~21.2.3",
        "@syncfusion/ej2-data": "~21.2.4",
        "@syncfusion/ej2-dropdowns": "~21.2.4",
        "@syncfusion/ej2-excel-export": "~21.2.4",
        "@syncfusion/ej2-file-utils": "~21.2.3",
        "@syncfusion/ej2-inputs": "~21.2.4",
        "@syncfusion/ej2-lists": "~21.2.3",
        "@syncfusion/ej2-navigations": "~21.2.4",
        "@syncfusion/ej2-notifications": "~21.2.3",
        "@syncfusion/ej2-pdf-export": "~21.2.3",
        "@syncfusion/ej2-popups": "~21.2.4",
        "@syncfusion/ej2-splitbuttons": "~21.2.3"
      }
    },
    "node_modules/@syncfusion/ej2-heatmap": {
      "version": "21.2.4",
      "resolved": "https://registry.npmjs.org/@syncfusion/ej2-heatmap/-/ej2-heatmap-21.2.4.tgz",
      "integrity": "sha512-+jgV0BpsI0SBhIJjazlo5iJ/OVjCBJmScfTRmcsz/O5p4JFwoZxLA02SkgT/E3m+BFXezfr/a5cN/NUu5e5z6Q==",
      "dependencies": {
        "@syncfusion/ej2-base": "~21.2.3",
        "@syncfusion/ej2-compression": "~21.2.3",
        "@syncfusion/ej2-data": "~21.2.4",
        "@syncfusion/ej2-file-utils": "~21.2.3",
        "@syncfusion/ej2-pdf-export": "~21.2.3",
        "@syncfusion/ej2-svg-base": "~21.2.3"
      }
    },
    "node_modules/@syncfusion/ej2-icons": {
      "version": "21.2.3",
      "resolved": "https://registry.npmjs.org/@syncfusion/ej2-icons/-/ej2-icons-21.2.3.tgz",
      "integrity": "sha512-LSu+sXQHRO6eTjD1D66GPQALoUMVRZXeLnZ86WWAI7V3j8rfCDAiI4tG8XQ7nncuHgGO2e36T9A70J1eRh0/ng=="
    },
    "node_modules/@syncfusion/ej2-image-editor": {
      "version": "21.2.3",
      "resolved": "https://registry.npmjs.org/@syncfusion/ej2-image-editor/-/ej2-image-editor-21.2.3.tgz",
      "integrity": "sha512-5jTd8zCtgVr3WBbbrMTO9KrTJb//MTf80Vj2i7MEwc3s7/D2X0zbUBfKbN3Lpp6l/iSvgZfX87rVVoerlYX7OQ==",
      "dependencies": {
        "@syncfusion/ej2-base": "~21.2.3",
        "@syncfusion/ej2-buttons": "~21.2.3",
        "@syncfusion/ej2-inputs": "~21.2.3",
        "@syncfusion/ej2-navigations": "~21.2.3",
        "@syncfusion/ej2-popups": "~21.2.3",
        "@syncfusion/ej2-splitbuttons": "~21.2.3"
      }
    },
    "node_modules/@syncfusion/ej2-inplace-editor": {
      "version": "21.2.3",
      "resolved": "https://registry.npmjs.org/@syncfusion/ej2-inplace-editor/-/ej2-inplace-editor-21.2.3.tgz",
      "integrity": "sha512-8WcwIVT0/ewVoMU+h7TKpLs9mZdgkLGXMjBOVAqBuDFkDU9Y7/gMLZNrYlxeVSOgV8JPiWPcjceufhHVqQ0YPw==",
      "dependencies": {
        "@syncfusion/ej2-base": "~21.2.3",
        "@syncfusion/ej2-buttons": "~21.2.3",
        "@syncfusion/ej2-calendars": "~21.2.3",
        "@syncfusion/ej2-data": "~21.2.3",
        "@syncfusion/ej2-dropdowns": "~21.2.3",
        "@syncfusion/ej2-inputs": "~21.2.3",
        "@syncfusion/ej2-lists": "~21.2.3",
        "@syncfusion/ej2-navigations": "~21.2.3",
        "@syncfusion/ej2-popups": "~21.2.3",
        "@syncfusion/ej2-richtexteditor": "~21.2.3",
        "@syncfusion/ej2-splitbuttons": "~21.2.3"
      }
    },
    "node_modules/@syncfusion/ej2-inputs": {
      "version": "21.2.4",
      "resolved": "https://registry.npmjs.org/@syncfusion/ej2-inputs/-/ej2-inputs-21.2.4.tgz",
      "integrity": "sha512-ox0ECuK+XlKYF/bYjfX2jA4uDzQhvV0xHRGsJR26ZGRhLZFuLTEwdByfoiWVNIneCINzGwl5Acn6iWw4jU9Vig==",
      "dependencies": {
        "@syncfusion/ej2-base": "~21.2.3",
        "@syncfusion/ej2-buttons": "~21.2.3",
        "@syncfusion/ej2-popups": "~21.2.4",
        "@syncfusion/ej2-splitbuttons": "~21.2.3"
      }
    },
    "node_modules/@syncfusion/ej2-kanban": {
      "version": "21.2.3",
      "resolved": "https://registry.npmjs.org/@syncfusion/ej2-kanban/-/ej2-kanban-21.2.3.tgz",
      "integrity": "sha512-0Ki4jV+Pdy0L1nPbL6CyOoVw21InYoJYjYUufZjAybNHUw76+m7OjphGcc8FE4M1eaDLRmKeFChnv9oBZoCSQw==",
      "dependencies": {
        "@syncfusion/ej2-base": "~21.2.3",
        "@syncfusion/ej2-buttons": "~21.2.3",
        "@syncfusion/ej2-data": "~21.2.3",
        "@syncfusion/ej2-dropdowns": "~21.2.3",
        "@syncfusion/ej2-inputs": "~21.2.3",
        "@syncfusion/ej2-layouts": "~21.2.3",
        "@syncfusion/ej2-navigations": "~21.2.3",
        "@syncfusion/ej2-popups": "~21.2.3"
      }
    },
    "node_modules/@syncfusion/ej2-layouts": {
      "version": "21.2.3",
      "resolved": "https://registry.npmjs.org/@syncfusion/ej2-layouts/-/ej2-layouts-21.2.3.tgz",
      "integrity": "sha512-MDvTp+3gaaeSLkr6D9iDktzJet2YuKZtMGXZhfyItGaj/YMIVwC5kmmHCFG2uToP1SAVUG7G38K6SFyWPPL1NQ==",
      "dependencies": {
        "@syncfusion/ej2-base": "~21.2.3"
      }
    },
    "node_modules/@syncfusion/ej2-lineargauge": {
      "version": "21.2.3",
      "resolved": "https://registry.npmjs.org/@syncfusion/ej2-lineargauge/-/ej2-lineargauge-21.2.3.tgz",
      "integrity": "sha512-1wonUhYDFFZap5DcGIivmW8qCvMKG2P1OTM0xZokemaizeAJ3qklCeijV7ksHpJk8Cq2xfEU+M++8SGZQvSDMg==",
      "dependencies": {
        "@syncfusion/ej2-base": "~21.2.3",
        "@syncfusion/ej2-pdf-export": "~21.2.3",
        "@syncfusion/ej2-svg-base": "~21.2.3"
      }
    },
    "node_modules/@syncfusion/ej2-lists": {
      "version": "21.2.3",
      "resolved": "https://registry.npmjs.org/@syncfusion/ej2-lists/-/ej2-lists-21.2.3.tgz",
      "integrity": "sha512-0eYnOb435N7TEFHUFmeffxIvt2hcAUNP7c5iHXH4+S/QWqJ9l5Jpvs1SNmpGMYU5HSyRyWZiDHjkMLRSklIsnQ==",
      "dependencies": {
        "@syncfusion/ej2-base": "~21.2.3",
        "@syncfusion/ej2-buttons": "~21.2.3",
        "@syncfusion/ej2-data": "~21.2.3"
      }
    },
    "node_modules/@syncfusion/ej2-maps": {
      "version": "21.2.4",
      "resolved": "https://registry.npmjs.org/@syncfusion/ej2-maps/-/ej2-maps-21.2.4.tgz",
      "integrity": "sha512-0yveGknKcpReIF9lYSaGEbKF1xxowngBSTAVTZwe7KgApl/WvWaZmw51thGnweHjQc22u8yZobbGLSA7iCymeQ==",
      "dependencies": {
        "@syncfusion/ej2-base": "~21.2.3",
        "@syncfusion/ej2-buttons": "~21.2.3",
        "@syncfusion/ej2-compression": "~21.2.3",
        "@syncfusion/ej2-data": "~21.2.4",
        "@syncfusion/ej2-file-utils": "~21.2.3",
        "@syncfusion/ej2-pdf-export": "~21.2.3",
        "@syncfusion/ej2-svg-base": "~21.2.3"
      }
    },
    "node_modules/@syncfusion/ej2-navigations": {
      "version": "21.2.4",
      "resolved": "https://registry.npmjs.org/@syncfusion/ej2-navigations/-/ej2-navigations-21.2.4.tgz",
      "integrity": "sha512-+hNeGmG5HFBCp8iITPMdXy/jCoLl7rG1Qw4yAffKIraNb5YYUra39uO9nXySYOPn4livNG0gBzc8rJuN4ApNPA==",
      "dependencies": {
        "@syncfusion/ej2-base": "~21.2.3",
        "@syncfusion/ej2-buttons": "~21.2.3",
        "@syncfusion/ej2-data": "~21.2.4",
        "@syncfusion/ej2-inputs": "~21.2.4",
        "@syncfusion/ej2-lists": "~21.2.3",
        "@syncfusion/ej2-popups": "~21.2.4"
      }
    },
    "node_modules/@syncfusion/ej2-notifications": {
      "version": "21.2.3",
      "resolved": "https://registry.npmjs.org/@syncfusion/ej2-notifications/-/ej2-notifications-21.2.3.tgz",
      "integrity": "sha512-U6NxkG6poLjSbwstU7aC9//1V+/Fy5VlvYkHBAVbo3jKVDcvEeupgong4ULNTAO/RPMCIUHajy8ytdnnAJ5iJw==",
      "dependencies": {
        "@syncfusion/ej2-base": "~21.2.3",
        "@syncfusion/ej2-buttons": "~21.2.3",
        "@syncfusion/ej2-popups": "~21.2.3"
      }
    },
    "node_modules/@syncfusion/ej2-office-chart": {
      "version": "21.2.3",
      "resolved": "https://registry.npmjs.org/@syncfusion/ej2-office-chart/-/ej2-office-chart-21.2.3.tgz",
      "integrity": "sha512-jmInJsUkGqGCJBYscdkavmmvUwB4SP6c5h6dc5/UDM9Z0a6VAUpy3uU0JAxpgUzvP8uEmmvzVTQ0xEYZsd5mfw==",
      "dependencies": {
        "@syncfusion/ej2-charts": "~21.2.3"
      }
    },
    "node_modules/@syncfusion/ej2-pdf-export": {
      "version": "21.2.3",
      "resolved": "https://registry.npmjs.org/@syncfusion/ej2-pdf-export/-/ej2-pdf-export-21.2.3.tgz",
      "integrity": "sha512-z1fOEfihiHz/9kTX4+k8WcdBVMCG33OK2/+mr1i70oUBd7dsguBGCHCnyihttoY1djcJMi3bLZs0zUo5Dw4j6g==",
      "dependencies": {
        "@syncfusion/ej2-compression": "~21.2.3"
      }
    },
    "node_modules/@syncfusion/ej2-pdfviewer": {
      "version": "21.2.4",
      "resolved": "https://registry.npmjs.org/@syncfusion/ej2-pdfviewer/-/ej2-pdfviewer-21.2.4.tgz",
      "integrity": "sha512-onv3NlICv0+pmtCjQADRfyR3iFCTfsUt1bYINwTT+5D6a4dRQku4SywQlE+7F2AcLdrlOCb7uL/94ZMEh5NDzQ==",
      "dependencies": {
        "@syncfusion/ej2-base": "~21.2.3",
        "@syncfusion/ej2-buttons": "~21.2.3",
        "@syncfusion/ej2-calendars": "~21.2.4",
        "@syncfusion/ej2-compression": "~21.2.3",
        "@syncfusion/ej2-data": "~21.2.4",
        "@syncfusion/ej2-drawings": "~21.2.3",
        "@syncfusion/ej2-dropdowns": "~21.2.4",
        "@syncfusion/ej2-excel-export": "~21.2.4",
        "@syncfusion/ej2-file-utils": "~21.2.3",
        "@syncfusion/ej2-filemanager": "~21.2.3",
        "@syncfusion/ej2-grids": "~21.2.4",
        "@syncfusion/ej2-inplace-editor": "~21.2.3",
        "@syncfusion/ej2-inputs": "~21.2.4",
        "@syncfusion/ej2-layouts": "~21.2.3",
        "@syncfusion/ej2-lists": "~21.2.3",
        "@syncfusion/ej2-navigations": "~21.2.4",
        "@syncfusion/ej2-notifications": "~21.2.3",
        "@syncfusion/ej2-pdf-export": "~21.2.3",
        "@syncfusion/ej2-popups": "~21.2.4",
        "@syncfusion/ej2-richtexteditor": "~21.2.4"
      }
    },
    "node_modules/@syncfusion/ej2-pivotview": {
      "version": "21.2.4",
      "resolved": "https://registry.npmjs.org/@syncfusion/ej2-pivotview/-/ej2-pivotview-21.2.4.tgz",
      "integrity": "sha512-XMiH2RWmM0G+Xk2ciM3q212fkfPOYnVlM3JXZdPxTQZIuQxBiQKaMUjh2tiZlt+JyfkubV6zsTYedtFMi7ik8Q==",
      "dependencies": {
        "@syncfusion/ej2-base": "~21.2.3",
        "@syncfusion/ej2-buttons": "~21.2.3",
        "@syncfusion/ej2-calendars": "~21.2.4",
        "@syncfusion/ej2-charts": "~21.2.4",
        "@syncfusion/ej2-compression": "~21.2.3",
        "@syncfusion/ej2-data": "~21.2.4",
        "@syncfusion/ej2-dropdowns": "~21.2.4",
        "@syncfusion/ej2-excel-export": "~21.2.4",
        "@syncfusion/ej2-file-utils": "~21.2.3",
        "@syncfusion/ej2-grids": "~21.2.4",
        "@syncfusion/ej2-inputs": "~21.2.4",
        "@syncfusion/ej2-lists": "~21.2.3",
        "@syncfusion/ej2-navigations": "~21.2.4",
        "@syncfusion/ej2-pdf-export": "~21.2.3",
        "@syncfusion/ej2-popups": "~21.2.4",
        "@syncfusion/ej2-splitbuttons": "~21.2.3",
        "@syncfusion/ej2-svg-base": "~21.2.3"
      }
    },
    "node_modules/@syncfusion/ej2-popups": {
      "version": "21.2.4",
      "resolved": "https://registry.npmjs.org/@syncfusion/ej2-popups/-/ej2-popups-21.2.4.tgz",
      "integrity": "sha512-M2uRhzQ8pyLbzbu2Z7WvaLqOF2N5EO+bY9fyu2ZNGGGIqyi8Htgi0B91FutH7/UKYuqJEC2GolH+svu8ANuF+A==",
      "dependencies": {
        "@syncfusion/ej2-base": "~21.2.3",
        "@syncfusion/ej2-buttons": "~21.2.3"
      }
    },
    "node_modules/@syncfusion/ej2-progressbar": {
      "version": "21.2.3",
      "resolved": "https://registry.npmjs.org/@syncfusion/ej2-progressbar/-/ej2-progressbar-21.2.3.tgz",
      "integrity": "sha512-A9zzPENxkqiTKEk3dN/28b0NDbBeY6ZmxOykYDYyTjfISsz9AKfDEOInbN/1owpMp7aPDThc4jspDtiGCkRejQ==",
      "dependencies": {
        "@syncfusion/ej2-base": "~21.2.3",
        "@syncfusion/ej2-data": "~21.2.3",
        "@syncfusion/ej2-svg-base": "~21.2.3"
      }
    },
    "node_modules/@syncfusion/ej2-querybuilder": {
      "version": "21.2.4",
      "resolved": "https://registry.npmjs.org/@syncfusion/ej2-querybuilder/-/ej2-querybuilder-21.2.4.tgz",
      "integrity": "sha512-Jj+M1qU3ExK9hVzr0mDHutkX/Bdskm6ZELp5yJ15XHGwC4haX1JRreLzQj6H+ZaBdyMzU0rrBVuGpKXQB8PhRg==",
      "dependencies": {
        "@syncfusion/ej2-base": "~21.2.3",
        "@syncfusion/ej2-buttons": "~21.2.3",
        "@syncfusion/ej2-calendars": "~21.2.4",
        "@syncfusion/ej2-dropdowns": "~21.2.4",
        "@syncfusion/ej2-inputs": "~21.2.4",
        "@syncfusion/ej2-splitbuttons": "~21.2.3"
      }
    },
    "node_modules/@syncfusion/ej2-ribbon": {
      "version": "21.2.3",
      "resolved": "https://registry.npmjs.org/@syncfusion/ej2-ribbon/-/ej2-ribbon-21.2.3.tgz",
      "integrity": "sha512-NdUDtB8uTGLdgfPagxuZSpjFQPjAqCf64vOwPNESloXMzZb1nTG0htqhaOMTZ1bzek3wa1CfnZMJZSf1DWjw/w==",
      "dependencies": {
        "@syncfusion/ej2-base": "~21.2.3",
        "@syncfusion/ej2-buttons": "~21.2.3",
        "@syncfusion/ej2-dropdowns": "~21.2.3",
        "@syncfusion/ej2-lists": "~21.2.3",
        "@syncfusion/ej2-navigations": "~21.2.3",
        "@syncfusion/ej2-popups": "~21.2.3",
        "@syncfusion/ej2-splitbuttons": "~21.2.3"
      }
    },
    "node_modules/@syncfusion/ej2-richtexteditor": {
      "version": "21.2.4",
      "resolved": "https://registry.npmjs.org/@syncfusion/ej2-richtexteditor/-/ej2-richtexteditor-21.2.4.tgz",
      "integrity": "sha512-pcjC0havVG4qWYc5nSpkF5zijizikmtea3QjeQYWZtKtoXYUoPi3bW9OJr3FUpCdw7YyHcgthXR9KKDSSFRsUw==",
      "dependencies": {
        "@syncfusion/ej2-base": "~21.2.3",
        "@syncfusion/ej2-buttons": "~21.2.3",
        "@syncfusion/ej2-filemanager": "~21.2.3",
        "@syncfusion/ej2-inputs": "~21.2.4",
        "@syncfusion/ej2-navigations": "~21.2.4",
        "@syncfusion/ej2-popups": "~21.2.4",
        "@syncfusion/ej2-splitbuttons": "~21.2.3"
      }
    },
    "node_modules/@syncfusion/ej2-schedule": {
      "version": "21.2.4",
      "resolved": "https://registry.npmjs.org/@syncfusion/ej2-schedule/-/ej2-schedule-21.2.4.tgz",
      "integrity": "sha512-NDLibcBMnU/yxUAPGx1Ti5pRmPXJZUay9n2j/Ai5s8agrAJwoUQx6TISaNvAgC27bHeYXMVtknS2pRhe2I41hg==",
      "dependencies": {
        "@syncfusion/ej2-base": "~21.2.3",
        "@syncfusion/ej2-buttons": "~21.2.3",
        "@syncfusion/ej2-calendars": "~21.2.4",
        "@syncfusion/ej2-data": "~21.2.4",
        "@syncfusion/ej2-dropdowns": "~21.2.4",
        "@syncfusion/ej2-excel-export": "~21.2.4",
        "@syncfusion/ej2-inputs": "~21.2.4",
        "@syncfusion/ej2-lists": "~21.2.3",
        "@syncfusion/ej2-navigations": "~21.2.4",
        "@syncfusion/ej2-popups": "~21.2.4"
      }
    },
    "node_modules/@syncfusion/ej2-splitbuttons": {
      "version": "21.2.3",
      "resolved": "https://registry.npmjs.org/@syncfusion/ej2-splitbuttons/-/ej2-splitbuttons-21.2.3.tgz",
      "integrity": "sha512-G+czEjiXJ8dZ540nfTsN15WLtkm5i9EgcQGaMw37wnRy511LZweBGeFBCKgobNyqmuxM7GPSV049BUCdhxl5rA==",
      "dependencies": {
        "@syncfusion/ej2-base": "~21.2.3",
        "@syncfusion/ej2-popups": "~21.2.3"
      }
    },
    "node_modules/@syncfusion/ej2-spreadsheet": {
      "version": "21.2.3",
      "resolved": "https://registry.npmjs.org/@syncfusion/ej2-spreadsheet/-/ej2-spreadsheet-21.2.3.tgz",
      "integrity": "sha512-hKszH5g7u8nEHdcoADftQDAzsZ5PNETZDvwf3es4Zo0ISDM4iuVTlKL0qgkoUfnei19JwYZIEKOFy7ZZLAaebQ==",
      "dependencies": {
        "@syncfusion/ej2-base": "~21.2.3",
        "@syncfusion/ej2-charts": "~21.2.3",
        "@syncfusion/ej2-dropdowns": "~21.2.3",
        "@syncfusion/ej2-grids": "~21.2.3",
        "@syncfusion/ej2-navigations": "~21.2.3"
      }
    },
    "node_modules/@syncfusion/ej2-svg-base": {
      "version": "21.2.3",
      "resolved": "https://registry.npmjs.org/@syncfusion/ej2-svg-base/-/ej2-svg-base-21.2.3.tgz",
      "integrity": "sha512-WXYmdRzmIZxq07/sChuNbhnmtkQB3W4qD2smMXyLnEkkL/hewubClrsUUE5zUhwWDgP0XUXh/uYfAKbaFrV2+g==",
      "dependencies": {
        "@syncfusion/ej2-base": "~21.2.3"
      }
    },
    "node_modules/@syncfusion/ej2-treegrid": {
      "version": "21.2.4",
      "resolved": "https://registry.npmjs.org/@syncfusion/ej2-treegrid/-/ej2-treegrid-21.2.4.tgz",
      "integrity": "sha512-/j5jcHW5yGw6G5S4nf3DAfxgybyKTBJTL6cHtbA9dUEQsnGPwHWrmrgFyPskPEa7alNwfLRBP7rG3NDdh14mfQ==",
      "dependencies": {
        "@syncfusion/ej2-base": "~21.2.3",
        "@syncfusion/ej2-data": "~21.2.4",
        "@syncfusion/ej2-grids": "~21.2.4",
        "@syncfusion/ej2-popups": "~21.2.4"
      }
    },
    "node_modules/@syncfusion/ej2-treemap": {
      "version": "21.2.3",
      "resolved": "https://registry.npmjs.org/@syncfusion/ej2-treemap/-/ej2-treemap-21.2.3.tgz",
      "integrity": "sha512-cbAdewgh5deVXphiIJsyDt8vQvF8pzr8CYucZsFLGVTl4v8yzw/bEpePMTtyf8pTrPaaKe0lCs0DjZRRjuiytA==",
      "dependencies": {
        "@syncfusion/ej2-base": "~21.2.3",
        "@syncfusion/ej2-compression": "~21.2.3",
        "@syncfusion/ej2-data": "~21.2.3",
        "@syncfusion/ej2-file-utils": "~21.2.3",
        "@syncfusion/ej2-pdf-export": "~21.2.3",
        "@syncfusion/ej2-svg-base": "~21.2.3"
      }
    },
    "node_modules/@types/lodash": {
      "version": "4.14.159",
      "resolved": "https://registry.npmjs.org/@types/lodash/-/lodash-4.14.159.tgz",
      "integrity": "sha512-gF7A72f7WQN33DpqOWw9geApQPh4M3PxluMtaHxWHXEGSN12/WbcEk/eNSqWNQcQhF66VSZ06vCF94CrHwXJDg=="
    },
    "node_modules/@types/node": {
      "version": "18.11.11",
      "resolved": "https://registry.npmjs.org/@types/node/-/node-18.11.11.tgz",
      "integrity": "sha512-KJ021B1nlQUBLopzZmPBVuGU9un7WJd/W4ya7Ih02B4Uwky5Nja0yGYav2EfYIk0RR2Q9oVhf60S2XR1BCWJ2g=="
    },
    "node_modules/@types/pikaday": {
      "version": "1.7.4",
      "resolved": "https://registry.npmjs.org/@types/pikaday/-/pikaday-1.7.4.tgz",
      "integrity": "sha512-0KsHVyw5pTG829nqG4IRu7m+BFQlFEBdbE/1i3S5182HeKUKv1uEW0gyEmkJVp5i4IV+9pyh23O83+KpRkSQbw==",
      "dependencies": {
        "moment": ">=2.14.0"
      }
    },
    "node_modules/adler-32": {
      "version": "1.3.1",
      "resolved": "https://registry.npmjs.org/adler-32/-/adler-32-1.3.1.tgz",
      "integrity": "sha512-ynZ4w/nUUv5rrsR8UUGoe1VC9hZj6V5hU9Qw1HlMDJGEJw5S7TfTErWTjMys6M7vr0YWcPqs3qAr4ss0nDfP+A==",
      "engines": {
        "node": ">=0.8"
      }
    },
    "node_modules/anymatch": {
      "version": "3.1.3",
      "resolved": "https://registry.npmjs.org/anymatch/-/anymatch-3.1.3.tgz",
      "integrity": "sha512-KMReFUr0B4t+D+OBkjR3KYqvocp2XaSzO55UcB6mgQMd3KbcE+mWTyvVV7D/zsdEbNnV6acZUutkiHQXvTr1Rw==",
      "dependencies": {
        "normalize-path": "^3.0.0",
        "picomatch": "^2.0.4"
      },
      "engines": {
        "node": ">= 8"
      }
    },
    "node_modules/bignumber.js": {
      "version": "8.1.1",
      "resolved": "https://registry.npmjs.org/bignumber.js/-/bignumber.js-8.1.1.tgz",
      "integrity": "sha512-QD46ppGintwPGuL1KqmwhR0O+N2cZUg8JG/VzwI2e28sM9TqHjQB10lI4QAaMHVbLzwVLLAwEglpKPViWX+5NQ==",
      "engines": {
        "node": "*"
      }
    },
    "node_modules/binary-extensions": {
      "version": "2.2.0",
      "resolved": "https://registry.npmjs.org/binary-extensions/-/binary-extensions-2.2.0.tgz",
      "integrity": "sha512-jDctJ/IVQbZoJykoeHbhXpOlNBqGNcwXJKJog42E5HDPUwQTSdjCHdihjj0DlnheQ7blbT6dHOafNAiS8ooQKA==",
      "engines": {
        "node": ">=8"
      }
    },
    "node_modules/braces": {
      "version": "3.0.2",
      "resolved": "https://registry.npmjs.org/braces/-/braces-3.0.2.tgz",
      "integrity": "sha512-b8um+L1RzM3WDSzvhm6gIz1yfTbBt6YTlcEKAvsmqCZZFw46z626lVj9j1yEPW33H5H+lBQpZMP1k8l+78Ha0A==",
      "dependencies": {
        "fill-range": "^7.0.1"
      },
      "engines": {
        "node": ">=8"
      }
    },
    "node_modules/cfb": {
      "version": "1.2.2",
      "resolved": "https://registry.npmjs.org/cfb/-/cfb-1.2.2.tgz",
      "integrity": "sha512-KfdUZsSOw19/ObEWasvBP/Ac4reZvAGauZhs6S/gqNhXhI7cKwvlH7ulj+dOEYnca4bm4SGo8C1bTAQvnTjgQA==",
      "dependencies": {
        "adler-32": "~1.3.0",
        "crc-32": "~1.2.0"
      },
      "engines": {
        "node": ">=0.8"
      }
    },
    "node_modules/chevrotain": {
      "version": "6.5.0",
      "resolved": "https://registry.npmjs.org/chevrotain/-/chevrotain-6.5.0.tgz",
      "integrity": "sha512-BwqQ/AgmKJ8jcMEjaSnfMybnKMgGTrtDKowfTP3pX4jwVy0kNjRsT/AP6h+wC3+3NC+X8X15VWBnTCQlX+wQFg==",
      "optional": true,
      "dependencies": {
        "regexp-to-ast": "0.4.0"
      }
    },
    "node_modules/chokidar": {
      "version": "3.5.3",
      "resolved": "https://registry.npmjs.org/chokidar/-/chokidar-3.5.3.tgz",
      "integrity": "sha512-Dr3sfKRP6oTcjf2JmUmFJfeVMvXBdegxB0iVQ5eb2V10uFJUCAS8OByZdVAyVb8xXNz3GjjTgj9kLWsZTqE6kw==",
      "funding": [
        {
          "type": "individual",
          "url": "https://paulmillr.com/funding/"
        }
      ],
      "dependencies": {
        "anymatch": "~3.1.2",
        "braces": "~3.0.2",
        "glob-parent": "~5.1.2",
        "is-binary-path": "~2.1.0",
        "is-glob": "~4.0.1",
        "normalize-path": "~3.0.0",
        "readdirp": "~3.6.0"
      },
      "engines": {
        "node": ">= 8.10.0"
      },
      "optionalDependencies": {
        "fsevents": "~2.3.2"
      }
    },
    "node_modules/codepage": {
      "version": "1.15.0",
      "resolved": "https://registry.npmjs.org/codepage/-/codepage-1.15.0.tgz",
      "integrity": "sha512-3g6NUTPd/YtuuGrhMnOMRjFc+LJw/bnMp3+0r/Wcz3IXUuCosKRJvMphm5+Q+bvTVGcJJuRvVLuYba+WojaFaA==",
      "engines": {
        "node": ">=0.8"
      }
    },
    "node_modules/core-js": {
      "version": "3.30.2",
      "resolved": "https://registry.npmjs.org/core-js/-/core-js-3.30.2.tgz",
      "integrity": "sha512-uBJiDmwqsbJCWHAwjrx3cvjbMXP7xD72Dmsn5LOJpiRmE3WbBbN5rCqQ2Qh6Ek6/eOrjlWngEynBWo4VxerQhg==",
      "hasInstallScript": true,
      "funding": {
        "type": "opencollective",
        "url": "https://opencollective.com/core-js"
      }
    },
    "node_modules/crc-32": {
      "version": "1.2.2",
      "resolved": "https://registry.npmjs.org/crc-32/-/crc-32-1.2.2.tgz",
      "integrity": "sha512-ROmzCKrTnOwybPcJApAA6WBWij23HVfGVNKqqrZpuyZOHqK2CwHSvpGuyt/UNNvaIjEd8X5IFGp4Mh+Ie1IHJQ==",
      "bin": {
        "crc32": "bin/crc32.njs"
      },
      "engines": {
        "node": ">=0.8"
      }
    },
    "node_modules/dompurify": {
      "version": "2.4.5",
      "resolved": "https://registry.npmjs.org/dompurify/-/dompurify-2.4.5.tgz",
      "integrity": "sha512-jggCCd+8Iqp4Tsz0nIvpcb22InKEBrGz5dw3EQJMs8HPJDsKbFIO3STYtAvCfDx26Muevn1MHVI0XxjgFfmiSA=="
    },
    "node_modules/fill-range": {
      "version": "7.0.1",
      "resolved": "https://registry.npmjs.org/fill-range/-/fill-range-7.0.1.tgz",
      "integrity": "sha512-qOo9F+dMUmC2Lcb4BbVvnKJxTPjCm+RRpe4gDuGrzkL7mEVl/djYSu2OdQ2Pa302N4oqkSg9ir6jaLWJ2USVpQ==",
      "dependencies": {
        "to-regex-range": "^5.0.1"
      },
      "engines": {
        "node": ">=8"
      }
    },
    "node_modules/frac": {
      "version": "1.1.2",
      "resolved": "https://registry.npmjs.org/frac/-/frac-1.1.2.tgz",
      "integrity": "sha512-w/XBfkibaTl3YDqASwfDUqkna4Z2p9cFSr1aHDt0WoMTECnRfBOv2WArlZILlqgWlmdIlALXGpM2AOhEk5W3IA==",
      "engines": {
        "node": ">=0.8"
      }
    },
    "node_modules/fsevents": {
      "version": "2.3.2",
      "resolved": "https://registry.npmjs.org/fsevents/-/fsevents-2.3.2.tgz",
      "integrity": "sha512-xiqMQR4xAeHTuB9uWm+fFRcIOgKBMiOBP+eXiyT7jsgVCq1bkVygt00oASowB7EdtpOHaaPgKt812P9ab+DDKA==",
      "hasInstallScript": true,
      "optional": true,
      "os": [
        "darwin"
      ],
      "engines": {
        "node": "^8.16.0 || ^10.6.0 || >=11.0.0"
      }
    },
    "node_modules/glob-parent": {
      "version": "5.1.2",
      "resolved": "https://registry.npmjs.org/glob-parent/-/glob-parent-5.1.2.tgz",
      "integrity": "sha512-AOIgSQCepiJYwP3ARnGx+5VnTu2HBYdzbGP45eLw1vr3zB3vZLeyed1sC9hnbcOc9/SrMyM5RPQrkGz4aS9Zow==",
      "dependencies": {
        "is-glob": "^4.0.1"
      },
      "engines": {
        "node": ">= 6"
      }
    },
    "node_modules/handsontable": {
      "version": "12.3.3",
      "resolved": "https://registry.npmjs.org/handsontable/-/handsontable-12.3.3.tgz",
      "integrity": "sha512-Vc7SwCuH60m9bgYwNTpiAAtaeHHUDGl0HXPY7ozb18DQE/2GexTUArkhcIM1RX5gcoeyUjR+vvpF8hHLW/YJBw==",
      "dependencies": {
        "@types/pikaday": "1.7.4",
        "core-js": "^3.0.0",
        "dompurify": "^2.1.1",
        "moment": "2.29.4",
        "numbro": "2.1.2",
        "pikaday": "1.8.2"
      },
      "optionalDependencies": {
        "hyperformula": "^2.0.0"
      }
    },
    "node_modules/hyperformula": {
      "version": "2.4.0",
      "resolved": "https://registry.npmjs.org/hyperformula/-/hyperformula-2.4.0.tgz",
      "integrity": "sha512-W/3bP8BCfG5UEqn9aA/RROntiNxXXNWcAwSdGTskMzG0GYM6WR0UeU5OExjQYqg5TLnxo8GO+po61U3ZU7abfA==",
      "optional": true,
      "dependencies": {
        "chevrotain": "^6.5.0",
        "tiny-emitter": "^2.1.0",
        "unorm": "^1.6.0"
      }
    },
    "node_modules/immutable": {
      "version": "4.3.0",
      "resolved": "https://registry.npmjs.org/immutable/-/immutable-4.3.0.tgz",
      "integrity": "sha512-0AOCmOip+xgJwEVTQj1EfiDDOkPmuyllDuTuEX+DDXUgapLAsBIfkg3sxCYyCEA8mQqZrrxPUGjcOQ2JS3WLkg=="
    },
    "node_modules/is-binary-path": {
      "version": "2.1.0",
      "resolved": "https://registry.npmjs.org/is-binary-path/-/is-binary-path-2.1.0.tgz",
      "integrity": "sha512-ZMERYes6pDydyuGidse7OsHxtbI7WVeUEozgR/g7rd0xUimYNlvZRE/K2MgZTjWy725IfelLeVcEM97mmtRGXw==",
      "dependencies": {
        "binary-extensions": "^2.0.0"
      },
      "engines": {
        "node": ">=8"
      }
    },
    "node_modules/is-extglob": {
      "version": "2.1.1",
      "resolved": "https://registry.npmjs.org/is-extglob/-/is-extglob-2.1.1.tgz",
      "integrity": "sha512-SbKbANkN603Vi4jEZv49LeVJMn4yGwsbzZworEoyEiutsN3nJYdbO36zfhGJ6QEDpOZIFkDtnq5JRxmvl3jsoQ==",
      "engines": {
        "node": ">=0.10.0"
      }
    },
    "node_modules/is-glob": {
      "version": "4.0.3",
      "resolved": "https://registry.npmjs.org/is-glob/-/is-glob-4.0.3.tgz",
      "integrity": "sha512-xelSayHH36ZgE7ZWhli7pW34hNbNl8Ojv5KVmkJD4hBdD3th8Tfk9vYasLM+mXWOZhFkgZfxhLSnrwRr4elSSg==",
      "dependencies": {
        "is-extglob": "^2.1.1"
      },
      "engines": {
        "node": ">=0.10.0"
      }
    },
    "node_modules/is-number": {
      "version": "7.0.0",
      "resolved": "https://registry.npmjs.org/is-number/-/is-number-7.0.0.tgz",
      "integrity": "sha512-41Cifkg6e8TylSpdtTpeLVMqvSBEVzTttHvERD741+pnZ8ANv0004MRL43QKPDlK9cGvNp6NZWZUBlbGXYxxng==",
      "engines": {
        "node": ">=0.12.0"
      }
    },
    "node_modules/moment": {
      "version": "2.29.4",
      "resolved": "https://registry.npmjs.org/moment/-/moment-2.29.4.tgz",
      "integrity": "sha512-5LC9SOxjSc2HF6vO2CyuTDNivEdoz2IvyJJGj6X8DJ0eFyfszE0QiEd+iXmBvUP3WHxSjFH/vIsA0EN00cgr8w==",
      "engines": {
        "node": "*"
      }
    },
    "node_modules/normalize-path": {
      "version": "3.0.0",
      "resolved": "https://registry.npmjs.org/normalize-path/-/normalize-path-3.0.0.tgz",
      "integrity": "sha512-6eZs5Ls3WtCisHWp9S2GUy8dqkpGi4BVSz3GaqiE6ezub0512ESztXUwUB6C6IKbQkY2Pnb/mD4WYojCRwcwLA==",
      "engines": {
        "node": ">=0.10.0"
      }
    },
    "node_modules/numbro": {
      "version": "2.1.2",
      "resolved": "https://registry.npmjs.org/numbro/-/numbro-2.1.2.tgz",
      "integrity": "sha512-7w833BxZmKGLE9HI0aREtNVRVH6WTYUUlWf4qgA5gKNhPQ4F/MRZ14sc0v8eoLORprk9ZTVwYaLwj8N3Zgxwiw==",
      "dependencies": {
        "bignumber.js": "^8.0.1"
      },
      "engines": {
        "node": "*"
      }
    },
    "node_modules/picomatch": {
      "version": "2.3.1",
      "resolved": "https://registry.npmjs.org/picomatch/-/picomatch-2.3.1.tgz",
      "integrity": "sha512-JU3teHTNjmE2VCGFzuY8EXzCDVwEqB2a8fsIvwaStHhAWJEeVd1o1QD80CU6+ZdEXXSLbSsuLwJjkCBWqRQUVA==",
      "engines": {
        "node": ">=8.6"
      },
      "funding": {
        "url": "https://github.com/sponsors/jonschlinkert"
      }
    },
    "node_modules/pikaday": {
      "version": "1.8.2",
      "resolved": "https://registry.npmjs.org/pikaday/-/pikaday-1.8.2.tgz",
      "integrity": "sha512-TNtsE+34BIax3WtkB/qqu5uepV1McKYEgvL3kWzU7aqPCpMEN6rBF3AOwu4WCwAealWlBGobXny/9kJb49C1ew=="
    },
    "node_modules/readdirp": {
      "version": "3.6.0",
      "resolved": "https://registry.npmjs.org/readdirp/-/readdirp-3.6.0.tgz",
      "integrity": "sha512-hOS089on8RduqdbhvQ5Z37A0ESjsqz6qnRcffsMU3495FuTdqSm+7bhJ29JvIOsBDEEnan5DPu9t3To9VRlMzA==",
      "dependencies": {
        "picomatch": "^2.2.1"
      },
      "engines": {
        "node": ">=8.10.0"
      }
    },
    "node_modules/regexp-to-ast": {
      "version": "0.4.0",
      "resolved": "https://registry.npmjs.org/regexp-to-ast/-/regexp-to-ast-0.4.0.tgz",
      "integrity": "sha512-4qf/7IsIKfSNHQXSwial1IFmfM1Cc/whNBQqRwe0V2stPe7KmN1U0tWQiIx6JiirgSrisjE0eECdNf7Tav1Ntw==",
      "optional": true
    },
    "node_modules/sass": {
      "version": "1.51.0",
      "resolved": "https://registry.npmjs.org/sass/-/sass-1.51.0.tgz",
      "integrity": "sha512-haGdpTgywJTvHC2b91GSq+clTKGbtkkZmVAb82jZQN/wTy6qs8DdFm2lhEQbEwrY0QDRgSQ3xDurqM977C3noA==",
      "dependencies": {
        "chokidar": ">=3.0.0 <4.0.0",
        "immutable": "^4.0.0",
        "source-map-js": ">=0.6.2 <2.0.0"
      },
      "bin": {
        "sass": "sass.js"
      },
      "engines": {
        "node": ">=12.0.0"
      }
    },
    "node_modules/source-map-js": {
      "version": "1.0.2",
      "resolved": "https://registry.npmjs.org/source-map-js/-/source-map-js-1.0.2.tgz",
      "integrity": "sha512-R0XvVJ9WusLiqTCEiGCmICCMplcCkIwwR11mOSD9CR5u+IXYdiseeEuXCVAjS54zqwkLcPNnmU4OeJ6tUrWhDw==",
      "engines": {
        "node": ">=0.10.0"
      }
    },
    "node_modules/ssf": {
      "version": "0.11.2",
      "resolved": "https://registry.npmjs.org/ssf/-/ssf-0.11.2.tgz",
      "integrity": "sha512-+idbmIXoYET47hH+d7dfm2epdOMUDjqcB4648sTZ+t2JwoyBFL/insLfB/racrDmsKB3diwsDA696pZMieAC5g==",
      "dependencies": {
        "frac": "~1.1.2"
      },
      "engines": {
        "node": ">=0.8"
      }
    },
    "node_modules/sweetalert2": {
      "version": "11.7.3",
      "resolved": "https://registry.npmjs.org/sweetalert2/-/sweetalert2-11.7.3.tgz",
      "integrity": "sha512-fUN/fyVSBZNtY4Rr/Qtxn7tNNnlRAbUhQxTQ9uOo0xVMIHBmqq4/9pau5N9dB2pvkB353XL/ywRAycscLoYU3w==",
      "funding": {
        "type": "individual",
        "url": "https://github.com/sponsors/limonte"
      }
    },
    "node_modules/tiny-emitter": {
      "version": "2.1.0",
      "resolved": "https://registry.npmjs.org/tiny-emitter/-/tiny-emitter-2.1.0.tgz",
      "integrity": "sha512-NB6Dk1A9xgQPMoGqC5CVXn123gWyte215ONT5Pp5a0yt4nlEoO1ZWeCwpncaekPHXO60i47ihFnZPiRPjRMq4Q==",
      "optional": true
    },
    "node_modules/to-regex-range": {
      "version": "5.0.1",
      "resolved": "https://registry.npmjs.org/to-regex-range/-/to-regex-range-5.0.1.tgz",
      "integrity": "sha512-65P7iz6X5yEr1cwcgvQxbbIw7Uk3gOy5dIdtZ4rDveLqhrdJP+Li/Hx6tyK0NEb+2GCyneCMJiGqrADCSNk8sQ==",
      "dependencies": {
        "is-number": "^7.0.0"
      },
      "engines": {
        "node": ">=8.0"
      }
    },
    "node_modules/tslib": {
      "version": "1.14.1",
      "resolved": "https://registry.npmjs.org/tslib/-/tslib-1.14.1.tgz",
      "integrity": "sha512-Xni35NKzjgMrwevysHTCArtLDpPvye8zV/0E4EyYn43P7/7qvQwPh9BGkHewbMulVntbigmcT7rdX3BNo9wRJg=="
    },
    "node_modules/typescript": {
      "version": "3.9.10",
      "resolved": "https://registry.npmjs.org/typescript/-/typescript-3.9.10.tgz",
      "integrity": "sha512-w6fIxVE/H1PkLKcCPsFqKE7Kv7QUwhU8qQY2MueZXWx5cPZdwFupLgKK3vntcK98BtNHZtAF4LA/yl2a7k8R6Q==",
      "bin": {
        "tsc": "bin/tsc",
        "tsserver": "bin/tsserver"
      },
      "engines": {
        "node": ">=4.2.0"
      }
    },
    "node_modules/unorm": {
      "version": "1.6.0",
      "resolved": "https://registry.npmjs.org/unorm/-/unorm-1.6.0.tgz",
      "integrity": "sha512-b2/KCUlYZUeA7JFUuRJZPUtr4gZvBh7tavtv4fvk4+KV9pfGiR6CQAQAWl49ZpR3ts2dk4FYkP7EIgDJoiOLDA==",
      "optional": true,
      "engines": {
        "node": ">= 0.4.0"
      }
    },
    "node_modules/wmf": {
      "version": "1.0.2",
      "resolved": "https://registry.npmjs.org/wmf/-/wmf-1.0.2.tgz",
      "integrity": "sha512-/p9K7bEh0Dj6WbXg4JG0xvLQmIadrner1bi45VMJTfnbVHsc7yIajZyoSoK60/dtVBs12Fm6WkUI5/3WAVsNMw==",
      "engines": {
        "node": ">=0.8"
      }
    },
    "node_modules/word": {
      "version": "0.3.0",
      "resolved": "https://registry.npmjs.org/word/-/word-0.3.0.tgz",
      "integrity": "sha512-OELeY0Q61OXpdUfTp+oweA/vtLVg5VDOXh+3he3PNzLGG/y0oylSOC1xRVj0+l4vQ3tj/bB1HVHv1ocXkQceFA==",
      "engines": {
        "node": ">=0.8"
      }
    },
    "node_modules/xlsx": {
      "version": "0.18.5",
      "resolved": "https://registry.npmjs.org/xlsx/-/xlsx-0.18.5.tgz",
      "integrity": "sha512-dmg3LCjBPHZnQp5/F/+nnTa+miPJxUXB6vtk42YjBBKayDNagxGEeIdWApkYPOf3Z3pm3k62Knjzp7lMeTEtFQ==",
      "dependencies": {
        "adler-32": "~1.3.0",
        "cfb": "~1.2.1",
        "codepage": "~1.15.0",
        "crc-32": "~1.2.1",
        "ssf": "~0.11.2",
        "wmf": "~1.0.1",
        "word": "~0.3.0"
      },
      "bin": {
        "xlsx": "bin/xlsx.njs"
      },
      "engines": {
        "node": ">=0.8"
      }
    }
  }
}
